
Microsoft Visual Studio Solution File, Format Version 12.00
# Visual Studio 15
VisualStudioVersion = 15.0.27703.2042
MinimumVisualStudioVersion = 10.0.40219.1
Project("{FAE04EC0-301F-11D3-BF4B-00C04F79EFBC}") = "cmi.mc.config", "cmi.mc.config\cmi.mc.config.csproj", "{97970DF6-4853-4B90-A0DB-2EE2F865C001}"
EndProject
Project("{FAE04EC0-301F-11D3-BF4B-00C04F79EFBC}") = "cmi.mc.config.Tests", "cmi.mc.config.Tests\cmi.mc.config.Tests.csproj", "{7B58BC01-7FF6-470A-8313-D7F9C6E4A20C}"
EndProject
Project("{FAE04EC0-301F-11D3-BF4B-00C04F79EFBC}") = "cmi.mc.config.ModelContract", "cmi.mc.config.ModelContract\cmi.mc.config.ModelContract.csproj", "{14117063-AE35-4646-A480-E0C65544882B}"
EndProject
Project("{FAE04EC0-301F-11D3-BF4B-00C04F79EFBC}") = "cmi.mc.config.ModelContract.Tests", "cmi.mc.config.ModelContract.Tests\cmi.mc.config.ModelContract.Tests.csproj", "{BC602000-BDA8-4F5C-B165-2C86870B2F37}"
EndProject
Global
	GlobalSection(SolutionConfigurationPlatforms) = preSolution
		Debug|Any CPU = Debug|Any CPU
		Release|Any CPU = Release|Any CPU
	EndGlobalSection
	GlobalSection(ProjectConfigurationPlatforms) = postSolution
		{97970DF6-4853-4B90-A0DB-2EE2F865C001}.Debug|Any CPU.ActiveCfg = Debug|Any CPU
		{97970DF6-4853-4B90-A0DB-2EE2F865C001}.Debug|Any CPU.Build.0 = Debug|Any CPU
		{97970DF6-4853-4B90-A0DB-2EE2F865C001}.Release|Any CPU.ActiveCfg = Release|Any CPU
		{97970DF6-4853-4B90-A0DB-2EE2F865C001}.Release|Any CPU.Build.0 = Release|Any CPU
		{7B58BC01-7FF6-470A-8313-D7F9C6E4A20C}.Debug|Any CPU.ActiveCfg = Debug|Any CPU
		{7B58BC01-7FF6-470A-8313-D7F9C6E4A20C}.Debug|Any CPU.Build.0 = Debug|Any CPU
		{7B58BC01-7FF6-470A-8313-D7F9C6E4A20C}.Release|Any CPU.ActiveCfg = Release|Any CPU
		{7B58BC01-7FF6-470A-8313-D7F9C6E4A20C}.Release|Any CPU.Build.0 = Release|Any CPU
		{14117063-AE35-4646-A480-E0C65544882B}.Debug|Any CPU.ActiveCfg = Debug|Any CPU
		{14117063-AE35-4646-A480-E0C65544882B}.Debug|Any CPU.Build.0 = Debug|Any CPU
		{14117063-AE35-4646-A480-E0C65544882B}.Release|Any CPU.ActiveCfg = Release|Any CPU
		{14117063-AE35-4646-A480-E0C65544882B}.Release|Any CPU.Build.0 = Release|Any CPU
		{BC602000-BDA8-4F5C-B165-2C86870B2F37}.Debug|Any CPU.ActiveCfg = Debug|Any CPU
		{BC602000-BDA8-4F5C-B165-2C86870B2F37}.Debug|Any CPU.Build.0 = Debug|Any CPU
		{BC602000-BDA8-4F5C-B165-2C86870B2F37}.Release|Any CPU.ActiveCfg = Release|Any CPU
		{BC602000-BDA8-4F5C-B165-2C86870B2F37}.Release|Any CPU.Build.0 = Release|Any CPU
	EndGlobalSection
	GlobalSection(SolutionProperties) = preSolution
		HideSolutionNode = FALSE
	EndGlobalSection
	GlobalSection(ExtensibilityGlobals) = postSolution
		SolutionGuid = {E27FD700-865B-4635-B6FC-11366A632F6D}
	EndGlobalSection
EndGlobal
